{
  "name": "awesome-react-native",
  "lockfileVersion": 2,
  "requires": true,
  "packages": {
    "": {
      "dependencies": {
        "doctoc": "^1.3.0"
      }
    },
    "node_modules/anchor-markdown-header": {
      "version": "0.5.7",
      "resolved": "https://registry.npmjs.org/anchor-markdown-header/-/anchor-markdown-header-0.5.7.tgz",
      "integrity": "sha512-AmikqcK15r3q99hPvTa1na9n3eLkW0uE+RL9BZMSgwYalQeDnNXbYrN06BIcBPfGlmsGIE2jvkuvl/x0hyPF5Q==",
      "dependencies": {
        "emoji-regex": "~6.1.0"
      }
    },
    "node_modules/bail": {
      "version": "1.0.2",
      "resolved": "https://registry.npmjs.org/bail/-/bail-1.0.2.tgz",
      "integrity": "sha512-MIeTgHiBAFZghiguhb9gcVN0T28fHKFlGucLikraphHM2PRJ6kGMevr1q2E3DNuYWhke58Bs8goqcPwhgf5ZMA=="
    },
    "node_modules/boundary": {
      "version": "1.0.1",
      "resolved": "https://registry.npmjs.org/boundary/-/boundary-1.0.1.tgz",
      "integrity": "sha512-AaLhxHwYVh55iOTJncV3DE5o7RakEUSSj64XXEWRTiIhlp7aDI8qR0vY/k8Uw0Z234VjZi/iG/WxfrvqYPUCww=="
    },
    "node_modules/ccount": {
      "version": "1.0.2",
      "resolved": "https://registry.npmjs.org/ccount/-/ccount-1.0.2.tgz",
      "integrity": "sha512-p7rQsnuLwNDSCv0Ug2WBl+TAc5DdYtXwhA130aNoardulFhf1uDZkH5Ke1TC/4SXD5V3qzOUNZJ5aaZcv6VVBg=="
    },
    "node_modules/character-entities": {
      "version": "1.2.1",
      "resolved": "https://registry.npmjs.org/character-entities/-/character-entities-1.2.1.tgz",
      "integrity": "sha512-aTR0t2UGvZ/lPyhCGNSNtj3wp2W2ATXV0HBi/U99ti2IotaTgIq7q4zxBLt2UdNz234VGkJd1cZr1Li2/BY4Rg=="
    },
    "node_modules/character-entities-html4": {
      "version": "1.1.1",
      "resolved": "https://registry.npmjs.org/character-entities-html4/-/character-entities-html4-1.1.1.tgz",
      "integrity": "sha512-6TZcJjT1XX9fey7ES2Jql/D4SjuV6ooA/vYoRnXRZ9Orx/mE9Yr9s8bD1j6nHBJ/YimRqeNdktBquJuMjuhehA=="
    },
    "node_modules/character-entities-legacy": {
      "version": "1.1.1",
      "resolved": "https://registry.npmjs.org/character-entities-legacy/-/character-entities-legacy-1.1.1.tgz",
      "integrity": "sha512-mANtOqn1/yki+sVmDaC8g9WWyNo0X4iaPRjqPLgpxPm5bSvcqD4G54q+R4BHZkVYt0Gm6ddZWMvIr8zOG4Ve+Q=="
    },
    "node_modules/character-reference-invalid": {
      "version": "1.1.1",
      "resolved": "https://registry.npmjs.org/character-reference-invalid/-/character-reference-invalid-1.1.1.tgz",
      "integrity": "sha512-PJXvb8p/VAgUlDo6wkZJJkG5UEgN2uTRs4Sb9Iv0GjK7x4xCc+4PJXnMGGoxC55QTg41U/TpLfk0Q4yMSqc2gw=="
    },
    "node_modules/collapse-white-space": {
      "version": "1.0.3",
      "resolved": "https://registry.npmjs.org/collapse-white-space/-/collapse-white-space-1.0.3.tgz",
      "integrity": "sha512-8EvOvpsc8dWknMMTaywIet1EWVIw4zoaMZf6MMv/MdeheI6XTf2IvGQFkTQoLl0viQXv3otdANeHWtIz6LdCcQ=="
    },
    "node_modules/core-util-is": {
      "version": "1.0.2",
      "resolved": "https://registry.npmjs.org/core-util-is/-/core-util-is-1.0.2.tgz",
      "integrity": "sha512-3lqz5YjWTYnW6dlDa5TLaTCcShfar1e40rmcJVwCBJC6mWlFuj0eCHIElmG1g5kyuJ/GD+8Wn4FFCcz4gJPfaQ=="
    },
    "node_modules/debug": {
      "version": "2.6.9",
      "resolved": "https://registry.npmjs.org/debug/-/debug-2.6.9.tgz",
      "integrity": "sha512-bC7ElrdJaJnPbAP+1EotYvqZsb3ecl5wi6Bfi6BJTUcNowp6cvspg0jXznRTKDjm/E7AdgFBVeAPVMNcKGsHMA==",
      "dependencies": {
        "ms": "2.0.0"
      }
    },
    "node_modules/doctoc": {
      "version": "1.3.0",
      "resolved": "https://registry.npmjs.org/doctoc/-/doctoc-1.3.0.tgz",
      "integrity": "sha512-ZxQLSw932fg2tPbI9+lQlNjgmOROF7AJt3jUPPukpM972VwQVZ/z4HrxQi8pvSA+WJ7npYiop8VnkXkWGarPmQ==",
      "dependencies": {
        "anchor-markdown-header": "^0.5.5",
        "htmlparser2": "~3.9.2",
        "markdown-to-ast": "~3.4.0",
        "minimist": "~1.2.0",
        "underscore": "~1.8.3",
        "update-section": "^0.3.0"
      },
      "bin": {
        "doctoc": "doctoc.js"
      },
      "engines": {
        "node": ">=0.4"
      }
    },
    "node_modules/dom-serializer": {
      "version": "0.1.0",
      "resolved": "https://registry.npmjs.org/dom-serializer/-/dom-serializer-0.1.0.tgz",
      "integrity": "sha512-Fql7PX6CmQNVmoLfp7DlmvFMIL5cwLbm302SycA2iAMr95t1ITX4ilIsUG75rYtMiVLb4EMC5b2o7ApEpIXROg==",
      "dependencies": {
        "domelementtype": "~1.1.1",
        "entities": "~1.1.1"
      }
    },
    "node_modules/dom-serializer/node_modules/domelementtype": {
      "version": "1.1.3",
      "resolved": "https://registry.npmjs.org/domelementtype/-/domelementtype-1.1.3.tgz",
      "integrity": "sha512-zEvAAsFY0DeHkrqWBRkSsmgaE7yADgpez40JUFjISb+uzSinl2F6QbG4lMEBE4P06gCGF6VnsykmbNgu7ZIHzA=="
    },
    "node_modules/domelementtype": {
      "version": "1.3.0",
      "resolved": "https://registry.npmjs.org/domelementtype/-/domelementtype-1.3.0.tgz",
      "integrity": "sha512-hhqPxYi0xK5i9fBMHEgWFxicJy62e5nxy0NdnjGE+DqovMcUsUbIPSkBzZ2O6PwYuwNGTf7bh/DMKmMdATSsTg==",
      "deprecated": "update to domelementtype@1.3.1"
    },
    "node_modules/domhandler": {
      "version": "2.4.1",
      "resolved": "https://registry.npmjs.org/domhandler/-/domhandler-2.4.1.tgz",
      "integrity": "sha512-j/nPtjIvPTcloeLUJ3FXpck1Ey6jZEyXx2Xni9GiHrBl56cYnSqOGMNzmzspo+U7+m4zncrzs3a42IYSvOig0A==",
      "dependencies": {
        "domelementtype": "1"
      }
    },
    "node_modules/domutils": {
      "version": "1.6.2",
      "resolved": "https://registry.npmjs.org/domutils/-/domutils-1.6.2.tgz",
      "integrity": "sha512-XjD7wlrG7XCt5cQIPKYVD+m7XNbUvT27P0dQygjjRrw1z9gma/aMI2PfSh2KGkppCGGDgTSVe4GXQducWgeufA==",
      "dependencies": {
        "dom-serializer": "0",
        "domelementtype": "1"
      }
    },
    "node_modules/emoji-regex": {
      "version": "6.1.3",
      "resolved": "https://registry.npmjs.org/emoji-regex/-/emoji-regex-6.1.3.tgz",
      "integrity": "sha512-73/zxHTjP2N2FQf0J5ngNjxP9LqG2krUshxYaowI8HxZQsiL2pYJc3k9/O93fc5/lCSkZv+bQ5Esk6k6msiSvg=="
    },
    "node_modules/entities": {
      "version": "1.1.1",
      "resolved": "https://registry.npmjs.org/entities/-/entities-1.1.1.tgz",
      "integrity": "sha512-bWStsIg5+vWzgtKoA/pkAIJzRAeUatnImqcK4CyHd2KoNq3fCg/tHDoE/7e81yRq9Xg8XUSvAcsSaMCp4a3HuQ=="
    },
    "node_modules/extend": {
      "version": "3.0.1",
      "resolved": "https://registry.npmjs.org/extend/-/extend-3.0.1.tgz",
      "integrity": "sha512-u1aUSYGdAQxyguoP919qsgj24krDCtaO/DJFNPwFmojMmKp14gtCTVsc8lQSqRDFrwAch+mxMWC8/6ZJPz5Hpw=="
    },
    "node_modules/function-bind": {
      "version": "1.1.1",
      "resolved": "https://registry.npmjs.org/function-bind/-/function-bind-1.1.1.tgz",
      "integrity": "sha512-yIovAzMX49sF8Yl58fSCWJ5svSLuaibPxXQJFLmBObTuCr0Mf1KiPopGM9NiFjiYBCbfaa2Fh6breQ6ANVTI0A=="
    },
    "node_modules/has": {
      "version": "1.0.1",
      "resolved": "https://registry.npmjs.org/has/-/has-1.0.1.tgz",
      "integrity": "sha512-8wpov6mGFPJ/SYWGQIFo6t0yuNWoO9MkSq3flX8LhiGmbIUhDETp9knPMcIm0Xig1ybWsw6gq2w0gCz1JHD+Qw==",
      "dependencies": {
        "function-bind": "^1.0.2"
      },
      "engines": {
        "node": ">= 0.8.0"
      }
    },
    "node_modules/htmlparser2": {
      "version": "3.9.2",
      "resolved": "https://registry.npmjs.org/htmlparser2/-/htmlparser2-3.9.2.tgz",
      "integrity": "sha512-RSOwLNCnCLDRB9XpSfCzsLzzX8COezhJ3D4kRBNWh0NC/facp1hAMmM8zD7kC01My8vD6lGEbPMlbRW/EwGK5w==",
      "dependencies": {
        "domelementtype": "^1.3.0",
        "domhandler": "^2.3.0",
        "domutils": "^1.5.1",
        "entities": "^1.1.1",
        "inherits": "^2.0.1",
        "readable-stream": "^2.0.2"
      }
    },
    "node_modules/inherits": {
      "version": "2.0.3",
      "resolved": "https://registry.npmjs.org/inherits/-/inherits-2.0.3.tgz",
      "integrity": "sha512-x00IRNXNy63jwGkJmzPigoySHbaqpNuzKbBOmzK+g2OdZpQ9w+sxCN+VSB3ja7IAge2OP2qpfxTjeNcyjmW1uw=="
    },
    "node_modules/is-alphabetical": {
      "version": "1.0.1",
      "resolved": "https://registry.npmjs.org/is-alphabetical/-/is-alphabetical-1.0.1.tgz",
      "integrity": "sha512-uUuZqBkNKbrL9SpdKq2NKAvvBQ4/rjj+Mv7OPX6C28IJRFyhe1UnEH8HPdW9uAzAjF/8E7uKvxYldeJkT8YGwQ=="
    },
    "node_modules/is-alphanumerical": {
      "version": "1.0.1",
      "resolved": "https://registry.npmjs.org/is-alphanumerical/-/is-alphanumerical-1.0.1.tgz",
      "integrity": "sha512-9j2/z2LBu9bKkxtwmOvrOk5bcxAgQrUndD7HIUENIIaOEDrFr+rlG79mutOgKn5ngBrOgromxeFBhNf+qqYDLA==",
      "dependencies": {
        "is-alphabetical": "^1.0.0",
        "is-decimal": "^1.0.0"
      }
    },
    "node_modules/is-decimal": {
      "version": "1.0.1",
      "resolved": "https://registry.npmjs.org/is-decimal/-/is-decimal-1.0.1.tgz",
      "integrity": "sha512-mEi+MsuPh5NuHEruR64q3Z2xjGOsR0K8BNf+qIVeIPmLprRP1uxWp1/Pt4rVOv3VhTTSZUtRYiPIRMKKLKfTMQ=="
    },
    "node_modules/is-hexadecimal": {
      "version": "1.0.1",
      "resolved": "https://registry.npmjs.org/is-hexadecimal/-/is-hexadecimal-1.0.1.tgz",
      "integrity": "sha512-zAlm+t/xT2OjKPmuYYKaqGdlOpzT8DhR30DiSkFeS1/jygoxUzAV2ir55BPC+VPulSWCzao9Xbhq9Yds2KFZKA=="
    },
    "node_modules/isarray": {
      "version": "1.0.0",
      "resolved": "https://registry.npmjs.org/isarray/-/isarray-1.0.0.tgz",
      "integrity": "sha512-VLghIWNM6ELQzo7zwmcg0NmTVyWKYjvIeM83yjp0wRDTmUnrM678fQbcKBo6n2CJEF0szoG//ytg+TKla89ALQ=="
    },
    "node_modules/longest-streak": {
      "version": "1.0.0",
      "resolved": "https://registry.npmjs.org/longest-streak/-/longest-streak-1.0.0.tgz",
      "integrity": "sha512-84jGpz/1j02Xm/L4y4uEXGxFFPHFabKjMHQ+rEPi0gPQbD5p0J3aZomvk0ZpUPpTtcVqhtSEq+4WNQbJjWiZ1Q=="
    },
    "node_modules/markdown-table": {
      "version": "0.4.0",
      "resolved": "https://registry.npmjs.org/markdown-table/-/markdown-table-0.4.0.tgz",
      "integrity": "sha512-9i/E3ZtVAoaDulRQjoPseX2X5pBNdeR8MInQb57JFvCAq4glz/w2q31eL0NHMKOntzy2D6X3plZDH4+OGuz5Fw=="
    },
    "node_modules/markdown-to-ast": {
      "version": "3.4.0",
      "resolved": "https://registry.npmjs.org/markdown-to-ast/-/markdown-to-ast-3.4.0.tgz",
      "integrity": "sha512-sPoEE3folEkf8FhJByehtdQXcsTI/ymbuzis6pxTYyyi9vRaPDVg0OMr5ltUaF/2RO1MPbHZQYwZAWCraCrLYA==",
      "deprecated": "See https://github.com/textlint/textlint/issues/455",
      "dependencies": {
        "debug": "^2.1.3",
        "remark": "^5.0.1",
        "structured-source": "^3.0.2",
        "traverse": "^0.6.6"
      }
    },
    "node_modules/minimist": {
      "version": "1.2.0",
      "resolved": "https://registry.npmjs.org/minimist/-/minimist-1.2.0.tgz",
      "integrity": "sha512-7Wl+Jz+IGWuSdgsQEJ4JunV0si/iMhg42MnQQG6h1R6TNeVenp4U9x5CC5v/gYqz/fENLQITAWXidNtVL0NNbw=="
    },
    "node_modules/ms": {
      "version": "2.0.0",
      "resolved": "https://registry.npmjs.org/ms/-/ms-2.0.0.tgz",
      "integrity": "sha512-Tpp60P6IUJDTuOq/5Z8cdskzJujfwqfOTkrwIwj7IRISpnkJnT6SyJ4PCPnGMoFjC9ddhal5KVIYtAt97ix05A=="
    },
    "node_modules/once": {
      "version": "1.4.0",
      "resolved": "https://registry.npmjs.org/once/-/once-1.4.0.tgz",
      "integrity": "sha512-lNaJgI+2Q5URQBkccEKHTQOPaXdUxnZZElQTZY0MFUAuaEqe1E+Nyvgdz/aIyNi6Z9MzO5dv1H8n58/GELp3+w==",
      "dependencies": {
        "wrappy": "1"
      }
    },
    "node_modules/parse-entities": {
      "version": "1.1.1",
      "resolved": "https://registry.npmjs.org/parse-entities/-/parse-entities-1.1.1.tgz",
      "integrity": "sha512-Bj4zSXRFo3yB+VwAuYKF/yGYxlYnquVseplhlwnlre977cGcZRmAA4R0L0m1Li1QZFOlHhUN1ylxmQTXlTkTTQ==",
      "dependencies": {
        "character-entities": "^1.0.0",
        "character-entities-legacy": "^1.0.0",
        "character-reference-invalid": "^1.0.0",
        "is-alphanumerical": "^1.0.0",
        "is-decimal": "^1.0.0",
        "is-hexadecimal": "^1.0.0"
      }
    },
    "node_modules/process-nextick-args": {
      "version": "1.0.7",
      "resolved": "https://registry.npmjs.org/process-nextick-args/-/process-nextick-args-1.0.7.tgz",
      "integrity": "sha512-yN0WQmuCX63LP/TMvAg31nvT6m4vDqJEiiv2CAZqWOGNWutc9DfDk1NPYYmKUFmaVM2UwDowH4u5AHWYP/jxKw=="
    },
    "node_modules/readable-stream": {
      "version": "2.3.3",
      "resolved": "https://registry.npmjs.org/readable-stream/-/readable-stream-2.3.3.tgz",
      "integrity": "sha512-m+qzzcn7KUxEmd1gMbchF+Y2eIUbieUaxkWtptyHywrX0rE8QEYqPC07Vuy4Wm32/xE16NcdBctb8S0Xe/5IeQ==",
      "dependencies": {
        "core-util-is": "~1.0.0",
        "inherits": "~2.0.3",
        "isarray": "~1.0.0",
        "process-nextick-args": "~1.0.6",
        "safe-buffer": "~5.1.1",
        "string_decoder": "~1.0.3",
        "util-deprecate": "~1.0.1"
      }
    },
    "node_modules/remark": {
      "version": "5.1.0",
      "resolved": "https://registry.npmjs.org/remark/-/remark-5.1.0.tgz",
      "integrity": "sha512-REVzXgQe66Zp0Zn1lpgQFTU0G011FuesfqmkhIRr3aK1UlqSttVmEnC313MoV9L5HPLwaDzpwqxjQJH4S+TC3Q==",
      "dependencies": {
        "remark-parse": "^1.1.0",
        "remark-stringify": "^1.1.0",
        "unified": "^4.1.1"
      },
      "bin": {
        "remark": "cli.js"
      },
      "engines": {
        "node": ">=0.11.0"
      }
    },
    "node_modules/remark-parse": {
      "version": "1.1.0",
      "resolved": "https://registry.npmjs.org/remark-parse/-/remark-parse-1.1.0.tgz",
      "integrity": "sha512-YOrEFkb76pK/kM464isSf8YVfsye6Hf32FT1CrtD0M+YyhraGoN1neUP16dnvRdp1zWINfgQbCRPdnZvAC1aUQ==",
      "dependencies": {
        "collapse-white-space": "^1.0.0",
        "extend": "^3.0.0",
        "parse-entities": "^1.0.2",
        "repeat-string": "^1.5.4",
        "trim": "0.0.1",
        "trim-trailing-lines": "^1.0.0",
        "unherit": "^1.0.4",
        "unist-util-remove-position": "^1.0.0",
        "vfile-location": "^2.0.0"
      },
      "engines": {
        "node": ">=0.11.0"
      }
    },
    "node_modules/remark-stringify": {
      "version": "1.1.0",
      "resolved": "https://registry.npmjs.org/remark-stringify/-/remark-stringify-1.1.0.tgz",
      "integrity": "sha512-XzOiwSqvWOk8rwVodbCy45GAD0Q4qoPWXfYJTCWx/1pZjFWR5jNb1o4qWoym1Xtxps5HqKgHCsgpmVnyVrGVrw==",
      "dependencies": {
        "ccount": "^1.0.0",
        "extend": "^3.0.0",
        "longest-streak": "^1.0.0",
        "markdown-table": "^0.4.0",
        "parse-entities": "^1.0.2",
        "repeat-string": "^1.5.4",
        "stringify-entities": "^1.0.1",
        "unherit": "^1.0.4"
      },
      "engines": {
        "node": ">=0.11.0"
      }
    },
    "node_modules/repeat-string": {
      "version": "1.6.1",
      "resolved": "https://registry.npmjs.org/repeat-string/-/repeat-string-1.6.1.tgz",
      "integrity": "sha512-PV0dzCYDNfRi1jCDbJzpW7jNNDRuCOG/jI5ctQcGKt/clZD+YcPS3yIlWuTJMmESC8aevCFmWJy5wjAFgNqN6w==",
      "engines": {
        "node": ">=0.10"
      }
    },
    "node_modules/safe-buffer": {
      "version": "5.1.1",
      "resolved": "https://registry.npmjs.org/safe-buffer/-/safe-buffer-5.1.1.tgz",
      "integrity": "sha512-kKvNJn6Mm93gAczWVJg7wH+wGYWNrDHdWvpUmHyEsgCtIwwo3bqPtV4tR5tuPaUhTOo/kvhVwd8XwwOllGYkbg=="
    },
    "node_modules/string_decoder": {
      "version": "1.0.3",
      "resolved": "https://registry.npmjs.org/string_decoder/-/string_decoder-1.0.3.tgz",
      "integrity": "sha512-4AH6Z5fzNNBcH+6XDMfA/BTt87skxqJlO0lAh3Dker5zThcAxG6mKz+iGu308UKoPPQ8Dcqx/4JhujzltRa+hQ==",
      "dependencies": {
        "safe-buffer": "~5.1.0"
      }
    },
    "node_modules/stringify-entities": {
      "version": "1.3.1",
      "resolved": "https://registry.npmjs.org/stringify-entities/-/stringify-entities-1.3.1.tgz",
      "integrity": "sha512-w9/fE2azlmHqLjaJ7CvMhH2SEu9NrV16pPgrqS3BX7n5tXjLgKxtOZ7lqm2ZKgS3Vck5StaUHKF67m2HeEhZZQ==",
      "dependencies": {
        "character-entities-html4": "^1.0.0",
        "character-entities-legacy": "^1.0.0",
        "is-alphanumerical": "^1.0.0",
        "is-hexadecimal": "^1.0.0"
      }
    },
    "node_modules/structured-source": {
      "version": "3.0.2",
      "resolved": "https://registry.npmjs.org/structured-source/-/structured-source-3.0.2.tgz",
      "integrity": "sha512-Ap7JHfKgmH40SUjumqyKTHYHNZ8GvGQskP34ks0ElHCDEig+bYGpmXVksxPSrgcY9rkJqhVMzfeg5GIpZelfpQ==",
      "dependencies": {
        "boundary": "^1.0.1"
      }
    },
    "node_modules/traverse": {
      "version": "0.6.6",
      "resolved": "https://registry.npmjs.org/traverse/-/traverse-0.6.6.tgz",
      "integrity": "sha512-kdf4JKs8lbARxWdp7RKdNzoJBhGUcIalSYibuGyHJbmk40pOysQ0+QPvlkCOICOivDWU2IJo2rkrxyTK2AH4fw=="
    },
    "node_modules/trim": {
      "version": "0.0.1",
      "resolved": "https://registry.npmjs.org/trim/-/trim-0.0.1.tgz",
      "integrity": "sha512-YzQV+TZg4AxpKxaTHK3c3D+kRDCGVEE7LemdlQZoQXn0iennk10RsIoY6ikzAqJTc9Xjl9C1/waHom/J86ziAQ==",
      "deprecated": "Use String.prototype.trim() instead"
    },
    "node_modules/trim-trailing-lines": {
      "version": "1.1.0",
      "resolved": "https://registry.npmjs.org/trim-trailing-lines/-/trim-trailing-lines-1.1.0.tgz",
      "integrity": "sha512-nyAsVijarUzdD2QUq8jJRCVYYG8syAHOuKl7DKCHXq9o5SnLn15G4/SzLLhd9hiSE4HwYj2SErz3yb7Y6bgyvQ=="
    },
    "node_modules/trough": {
      "version": "1.0.1",
      "resolved": "https://registry.npmjs.org/trough/-/trough-1.0.1.tgz",
      "integrity": "sha512-/YnOx4x0tuJT/a/sftckq6bOqnRs50llRWtIxiazPa5NvqG19xFoxiHxy8aDQ9TTyXm+upHG0X/ePtgkdxNdmA=="
    },
    "node_modules/underscore": {
      "version": "1.8.3",
      "resolved": "https://registry.npmjs.org/underscore/-/underscore-1.8.3.tgz",
      "integrity": "sha512-5WsVTFcH1ut/kkhAaHf4PVgI8c7++GiVcpCGxPouI6ZVjsqPnSDf8h/8HtVqc0t4fzRXwnMK70EcZeAs3PIddg=="
    },
    "node_modules/unherit": {
      "version": "1.1.0",
      "resolved": "https://registry.npmjs.org/unherit/-/unherit-1.1.0.tgz",
      "integrity": "sha512-TqB2ZB44rZ/lUYkoYjo0LKmw+4HIMbUJSiN3iIJO1oHVieA2kbUyMe01rzsCBQ4gqeoAjn9edj9/fc4N8b7trA==",
      "dependencies": {
        "inherits": "^2.0.1",
        "xtend": "^4.0.1"
      }
    },
    "node_modules/unified": {
      "version": "4.2.1",
      "resolved": "https://registry.npmjs.org/unified/-/unified-4.2.1.tgz",
      "integrity": "sha512-wREXt5whxv4jMEo638N5m6j/oZLyenWxYkyoMAvQi6QQUxdkej5uqjPy399doWEJKrT7/sIvB5MMe9ri5oLKgg==",
      "dependencies": {
        "bail": "^1.0.0",
        "extend": "^3.0.0",
        "has": "^1.0.1",
        "once": "^1.3.3",
        "trough": "^1.0.0",
        "vfile": "^1.0.0"
      },
      "engines": {
        "node": ">=0.11.0"
      }
    },
    "node_modules/unist-util-is": {
      "version": "2.1.1",
      "resolved": "https://registry.npmjs.org/unist-util-is/-/unist-util-is-2.1.1.tgz",
      "integrity": "sha512-xcUR3cCM57TA/JXUjVOlIwT0j7O3KIm/hPn7THwApnmLEuD4HCIH/GNZ463yP6MpGMS3iG2C5twlDadSxIX2Gg=="
    },
    "node_modules/unist-util-remove-position": {
      "version": "1.1.1",
      "resolved": "https://registry.npmjs.org/unist-util-remove-position/-/unist-util-remove-position-1.1.1.tgz",
      "integrity": "sha512-653miUaBaJYZa/FqEHN1xd5pJsZjL+iBlLa5j6UwKRQMsX4+/IMfU17FKt24aPAk7mftf+iCa0NCAN2157nkAA==",
      "dependencies": {
        "unist-util-visit": "^1.1.0"
      }
    },
    "node_modules/unist-util-visit": {
      "version": "1.3.0",
      "resolved": "https://registry.npmjs.org/unist-util-visit/-/unist-util-visit-1.3.0.tgz",
      "integrity": "sha512-9ntYcxPFtl44gnwXrQKZ5bMqXMY0ZHzUpqMFiU4zcc8mmf/jzYm8GhYgezuUlX4cJIM1zIDYaO6fG/fI+L6iiQ==",
      "dependencies": {
        "unist-util-is": "^2.1.1"
      }
    },
    "node_modules/update-section": {
      "version": "0.3.3",
      "resolved": "https://registry.npmjs.org/update-section/-/update-section-0.3.3.tgz",
      "integrity": "sha512-BpRZMZpgXLuTiKeiu7kK0nIPwGdyrqrs6EDSaXtjD/aQ2T+qVo9a5hRC3HN3iJjCMxNT/VxoLGQ7E/OzE5ucnw=="
    },
    "node_modules/util-deprecate": {
      "version": "1.0.2",
      "resolved": "https://registry.npmjs.org/util-deprecate/-/util-deprecate-1.0.2.tgz",
      "integrity": "sha512-EPD5q1uXyFxJpCrLnCc1nHnq3gOa6DZBocAIiI2TaSCA7VCJ1UJDMagCzIkXNsUYfD1daK//LTEQ8xiIbrHtcw=="
    },
    "node_modules/vfile": {
      "version": "1.4.0",
      "resolved": "https://registry.npmjs.org/vfile/-/vfile-1.4.0.tgz",
      "integrity": "sha512-7Fz639rwERslMqQCuf1/0H4Tqe2q484Xl6X/jsKqrP7IjFcDODFURhv0GekMnImpbj9pTOojtqL7r39LJJkjGA=="
    },
    "node_modules/vfile-location": {
      "version": "2.0.2",
      "resolved": "https://registry.npmjs.org/vfile-location/-/vfile-location-2.0.2.tgz",
      "integrity": "sha512-eW479dDsInBRNlv+8pUXYunV4OR5tPUUXXFzGKvtzRi0s4wFREW0kUL14imwii7iK3iLw6wxY2uxGj4BNG1AFA=="
    },
    "node_modules/wrappy": {
      "version": "1.0.2",
      "resolved": "https://registry.npmjs.org/wrappy/-/wrappy-1.0.2.tgz",
      "integrity": "sha512-l4Sp/DRseor9wL6EvV2+TuQn63dMkPjZ/sp9XkghTEbV9KlPS1xUsZ3u7/IQO4wxtcFB4bgpQPRcR3QCvezPcQ=="
    },
    "node_modules/xtend": {
      "version": "4.0.1",
      "resolved": "https://registry.npmjs.org/xtend/-/xtend-4.0.1.tgz",
      "integrity": "sha512-iTwvhNBRetXWe81+VcIw5YeadVSWyze7uA7nVnpP13ulrpnJ3UfQm5ApGnrkmxDJFdrblRdZs0EvaTCIfei5oQ==",
      "engines": {
        "node": ">=0.4"
      }
    }
  },
  "dependencies": {
    "anchor-markdown-header": {
      "version": "0.5.7",
      "resolved": "https://registry.npmjs.org/anchor-markdown-header/-/anchor-markdown-header-0.5.7.tgz",
      "integrity": "sha512-AmikqcK15r3q99hPvTa1na9n3eLkW0uE+RL9BZMSgwYalQeDnNXbYrN06BIcBPfGlmsGIE2jvkuvl/x0hyPF5Q==",
      "requires": {
        "emoji-regex": "~6.1.0"
      }
    },
    "bail": {
      "version": "1.0.2",
      "resolved": "https://registry.npmjs.org/bail/-/bail-1.0.2.tgz",
      "integrity": "sha512-MIeTgHiBAFZghiguhb9gcVN0T28fHKFlGucLikraphHM2PRJ6kGMevr1q2E3DNuYWhke58Bs8goqcPwhgf5ZMA=="
    },
    "boundary": {
      "version": "1.0.1",
      "resolved": "https://registry.npmjs.org/boundary/-/boundary-1.0.1.tgz",
      "integrity": "sha512-AaLhxHwYVh55iOTJncV3DE5o7RakEUSSj64XXEWRTiIhlp7aDI8qR0vY/k8Uw0Z234VjZi/iG/WxfrvqYPUCww=="
    },
    "ccount": {
      "version": "1.0.2",
      "resolved": "https://registry.npmjs.org/ccount/-/ccount-1.0.2.tgz",
      "integrity": "sha512-p7rQsnuLwNDSCv0Ug2WBl+TAc5DdYtXwhA130aNoardulFhf1uDZkH5Ke1TC/4SXD5V3qzOUNZJ5aaZcv6VVBg=="
    },
    "character-entities": {
      "version": "1.2.1",
      "resolved": "https://registry.npmjs.org/character-entities/-/character-entities-1.2.1.tgz",
      "integrity": "sha512-aTR0t2UGvZ/lPyhCGNSNtj3wp2W2ATXV0HBi/U99ti2IotaTgIq7q4zxBLt2UdNz234VGkJd1cZr1Li2/BY4Rg=="
    },
    "character-entities-html4": {
      "version": "1.1.1",
      "resolved": "https://registry.npmjs.org/character-entities-html4/-/character-entities-html4-1.1.1.tgz",
      "integrity": "sha512-6TZcJjT1XX9fey7ES2Jql/D4SjuV6ooA/vYoRnXRZ9Orx/mE9Yr9s8bD1j6nHBJ/YimRqeNdktBquJuMjuhehA=="
    },
    "character-entities-legacy": {
      "version": "1.1.1",
      "resolved": "https://registry.npmjs.org/character-entities-legacy/-/character-entities-legacy-1.1.1.tgz",
      "integrity": "sha512-mANtOqn1/yki+sVmDaC8g9WWyNo0X4iaPRjqPLgpxPm5bSvcqD4G54q+R4BHZkVYt0Gm6ddZWMvIr8zOG4Ve+Q=="
    },
    "character-reference-invalid": {
      "version": "1.1.1",
      "resolved": "https://registry.npmjs.org/character-reference-invalid/-/character-reference-invalid-1.1.1.tgz",
      "integrity": "sha512-PJXvb8p/VAgUlDo6wkZJJkG5UEgN2uTRs4Sb9Iv0GjK7x4xCc+4PJXnMGGoxC55QTg41U/TpLfk0Q4yMSqc2gw=="
    },
    "collapse-white-space": {
      "version": "1.0.3",
      "resolved": "https://registry.npmjs.org/collapse-white-space/-/collapse-white-space-1.0.3.tgz",
      "integrity": "sha512-8EvOvpsc8dWknMMTaywIet1EWVIw4zoaMZf6MMv/MdeheI6XTf2IvGQFkTQoLl0viQXv3otdANeHWtIz6LdCcQ=="
    },
    "core-util-is": {
      "version": "1.0.2",
      "resolved": "https://registry.npmjs.org/core-util-is/-/core-util-is-1.0.2.tgz",
      "integrity": "sha512-3lqz5YjWTYnW6dlDa5TLaTCcShfar1e40rmcJVwCBJC6mWlFuj0eCHIElmG1g5kyuJ/GD+8Wn4FFCcz4gJPfaQ=="
    },
    "debug": {
      "version": "2.6.9",
      "resolved": "https://registry.npmjs.org/debug/-/debug-2.6.9.tgz",
      "integrity": "sha512-bC7ElrdJaJnPbAP+1EotYvqZsb3ecl5wi6Bfi6BJTUcNowp6cvspg0jXznRTKDjm/E7AdgFBVeAPVMNcKGsHMA==",
      "requires": {
        "ms": "2.0.0"
      }
    },
    "doctoc": {
      "version": "1.3.0",
      "resolved": "https://registry.npmjs.org/doctoc/-/doctoc-1.3.0.tgz",
      "integrity": "sha512-ZxQLSw932fg2tPbI9+lQlNjgmOROF7AJt3jUPPukpM972VwQVZ/z4HrxQi8pvSA+WJ7npYiop8VnkXkWGarPmQ==",
      "requires": {
        "anchor-markdown-header": "^0.5.5",
        "htmlparser2": "~3.9.2",
        "markdown-to-ast": "~3.4.0",
        "minimist": "~1.2.0",
        "underscore": "~1.8.3",
        "update-section": "^0.3.0"
      }
    },
    "dom-serializer": {
      "version": "0.1.0",
      "resolved": "https://registry.npmjs.org/dom-serializer/-/dom-serializer-0.1.0.tgz",
      "integrity": "sha512-Fql7PX6CmQNVmoLfp7DlmvFMIL5cwLbm302SycA2iAMr95t1ITX4ilIsUG75rYtMiVLb4EMC5b2o7ApEpIXROg==",
      "requires": {
        "domelementtype": "~1.1.1",
        "entities": "~1.1.1"
      },
      "dependencies": {
        "domelementtype": {
          "version": "1.1.3",
          "resolved": "https://registry.npmjs.org/domelementtype/-/domelementtype-1.1.3.tgz",
          "integrity": "sha512-zEvAAsFY0DeHkrqWBRkSsmgaE7yADgpez40JUFjISb+uzSinl2F6QbG4lMEBE4P06gCGF6VnsykmbNgu7ZIHzA=="
        }
      }
    },
    "domelementtype": {
      "version": "1.3.0",
      "resolved": "https://registry.npmjs.org/domelementtype/-/domelementtype-1.3.0.tgz",
      "integrity": "sha512-hhqPxYi0xK5i9fBMHEgWFxicJy62e5nxy0NdnjGE+DqovMcUsUbIPSkBzZ2O6PwYuwNGTf7bh/DMKmMdATSsTg=="
    },
    "domhandler": {
      "version": "2.4.1",
      "resolved": "https://registry.npmjs.org/domhandler/-/domhandler-2.4.1.tgz",
      "integrity": "sha512-j/nPtjIvPTcloeLUJ3FXpck1Ey6jZEyXx2Xni9GiHrBl56cYnSqOGMNzmzspo+U7+m4zncrzs3a42IYSvOig0A==",
      "requires": {
        "domelementtype": "1"
      }
    },
    "domutils": {
      "version": "1.6.2",
      "resolved": "https://registry.npmjs.org/domutils/-/domutils-1.6.2.tgz",
      "integrity": "sha512-XjD7wlrG7XCt5cQIPKYVD+m7XNbUvT27P0dQygjjRrw1z9gma/aMI2PfSh2KGkppCGGDgTSVe4GXQducWgeufA==",
      "requires": {
        "dom-serializer": "0",
        "domelementtype": "1"
      }
    },
    "emoji-regex": {
      "version": "6.1.3",
      "resolved": "https://registry.npmjs.org/emoji-regex/-/emoji-regex-6.1.3.tgz",
      "integrity": "sha512-73/zxHTjP2N2FQf0J5ngNjxP9LqG2krUshxYaowI8HxZQsiL2pYJc3k9/O93fc5/lCSkZv+bQ5Esk6k6msiSvg=="
    },
    "entities": {
      "version": "1.1.1",
      "resolved": "https://registry.npmjs.org/entities/-/entities-1.1.1.tgz",
      "integrity": "sha512-bWStsIg5+vWzgtKoA/pkAIJzRAeUatnImqcK4CyHd2KoNq3fCg/tHDoE/7e81yRq9Xg8XUSvAcsSaMCp4a3HuQ=="
    },
    "extend": {
      "version": "3.0.1",
      "resolved": "https://registry.npmjs.org/extend/-/extend-3.0.1.tgz",
      "integrity": "sha512-u1aUSYGdAQxyguoP919qsgj24krDCtaO/DJFNPwFmojMmKp14gtCTVsc8lQSqRDFrwAch+mxMWC8/6ZJPz5Hpw=="
    },
    "function-bind": {
      "version": "1.1.1",
      "resolved": "https://registry.npmjs.org/function-bind/-/function-bind-1.1.1.tgz",
      "integrity": "sha512-yIovAzMX49sF8Yl58fSCWJ5svSLuaibPxXQJFLmBObTuCr0Mf1KiPopGM9NiFjiYBCbfaa2Fh6breQ6ANVTI0A=="
    },
    "has": {
      "version": "1.0.1",
      "resolved": "https://registry.npmjs.org/has/-/has-1.0.1.tgz",
      "integrity": "sha512-8wpov6mGFPJ/SYWGQIFo6t0yuNWoO9MkSq3flX8LhiGmbIUhDETp9knPMcIm0Xig1ybWsw6gq2w0gCz1JHD+Qw==",
      "requires": {
        "function-bind": "^1.0.2"
      }
    },
    "htmlparser2": {
      "version": "3.9.2",
      "resolved": "https://registry.npmjs.org/htmlparser2/-/htmlparser2-3.9.2.tgz",
      "integrity": "sha512-RSOwLNCnCLDRB9XpSfCzsLzzX8COezhJ3D4kRBNWh0NC/facp1hAMmM8zD7kC01My8vD6lGEbPMlbRW/EwGK5w==",
      "requires": {
        "domelementtype": "^1.3.0",
        "domhandler": "^2.3.0",
        "domutils": "^1.5.1",
        "entities": "^1.1.1",
        "inherits": "^2.0.1",
        "readable-stream": "^2.0.2"
      }
    },
    "inherits": {
      "version": "2.0.3",
      "resolved": "https://registry.npmjs.org/inherits/-/inherits-2.0.3.tgz",
      "integrity": "sha512-x00IRNXNy63jwGkJmzPigoySHbaqpNuzKbBOmzK+g2OdZpQ9w+sxCN+VSB3ja7IAge2OP2qpfxTjeNcyjmW1uw=="
    },
    "is-alphabetical": {
      "version": "1.0.1",
      "resolved": "https://registry.npmjs.org/is-alphabetical/-/is-alphabetical-1.0.1.tgz",
      "integrity": "sha512-uUuZqBkNKbrL9SpdKq2NKAvvBQ4/rjj+Mv7OPX6C28IJRFyhe1UnEH8HPdW9uAzAjF/8E7uKvxYldeJkT8YGwQ=="
    },
    "is-alphanumerical": {
      "version": "1.0.1",
      "resolved": "https://registry.npmjs.org/is-alphanumerical/-/is-alphanumerical-1.0.1.tgz",
      "integrity": "sha512-9j2/z2LBu9bKkxtwmOvrOk5bcxAgQrUndD7HIUENIIaOEDrFr+rlG79mutOgKn5ngBrOgromxeFBhNf+qqYDLA==",
      "requires": {
        "is-alphabetical": "^1.0.0",
        "is-decimal": "^1.0.0"
      }
    },
    "is-decimal": {
      "version": "1.0.1",
      "resolved": "https://registry.npmjs.org/is-decimal/-/is-decimal-1.0.1.tgz",
      "integrity": "sha512-mEi+MsuPh5NuHEruR64q3Z2xjGOsR0K8BNf+qIVeIPmLprRP1uxWp1/Pt4rVOv3VhTTSZUtRYiPIRMKKLKfTMQ=="
    },
    "is-hexadecimal": {
      "version": "1.0.1",
      "resolved": "https://registry.npmjs.org/is-hexadecimal/-/is-hexadecimal-1.0.1.tgz",
      "integrity": "sha512-zAlm+t/xT2OjKPmuYYKaqGdlOpzT8DhR30DiSkFeS1/jygoxUzAV2ir55BPC+VPulSWCzao9Xbhq9Yds2KFZKA=="
    },
    "isarray": {
      "version": "1.0.0",
      "resolved": "https://registry.npmjs.org/isarray/-/isarray-1.0.0.tgz",
      "integrity": "sha512-VLghIWNM6ELQzo7zwmcg0NmTVyWKYjvIeM83yjp0wRDTmUnrM678fQbcKBo6n2CJEF0szoG//ytg+TKla89ALQ=="
    },
    "longest-streak": {
      "version": "1.0.0",
      "resolved": "https://registry.npmjs.org/longest-streak/-/longest-streak-1.0.0.tgz",
      "integrity": "sha512-84jGpz/1j02Xm/L4y4uEXGxFFPHFabKjMHQ+rEPi0gPQbD5p0J3aZomvk0ZpUPpTtcVqhtSEq+4WNQbJjWiZ1Q=="
    },
    "markdown-table": {
      "version": "0.4.0",
      "resolved": "https://registry.npmjs.org/markdown-table/-/markdown-table-0.4.0.tgz",
      "integrity": "sha512-9i/E3ZtVAoaDulRQjoPseX2X5pBNdeR8MInQb57JFvCAq4glz/w2q31eL0NHMKOntzy2D6X3plZDH4+OGuz5Fw=="
    },
    "markdown-to-ast": {
      "version": "3.4.0",
      "resolved": "https://registry.npmjs.org/markdown-to-ast/-/markdown-to-ast-3.4.0.tgz",
      "integrity": "sha512-sPoEE3folEkf8FhJByehtdQXcsTI/ymbuzis6pxTYyyi9vRaPDVg0OMr5ltUaF/2RO1MPbHZQYwZAWCraCrLYA==",
      "requires": {
        "debug": "^2.1.3",
        "remark": "^5.0.1",
        "structured-source": "^3.0.2",
        "traverse": "^0.6.6"
      }
    },
    "minimist": {
      "version": "1.2.0",
      "resolved": "https://registry.npmjs.org/minimist/-/minimist-1.2.0.tgz",
      "integrity": "sha512-7Wl+Jz+IGWuSdgsQEJ4JunV0si/iMhg42MnQQG6h1R6TNeVenp4U9x5CC5v/gYqz/fENLQITAWXidNtVL0NNbw=="
    },
    "ms": {
      "version": "2.0.0",
      "resolved": "https://registry.npmjs.org/ms/-/ms-2.0.0.tgz",
      "integrity": "sha512-Tpp60P6IUJDTuOq/5Z8cdskzJujfwqfOTkrwIwj7IRISpnkJnT6SyJ4PCPnGMoFjC9ddhal5KVIYtAt97ix05A=="
    },
    "once": {
      "version": "1.4.0",
      "resolved": "https://registry.npmjs.org/once/-/once-1.4.0.tgz",
      "integrity": "sha512-lNaJgI+2Q5URQBkccEKHTQOPaXdUxnZZElQTZY0MFUAuaEqe1E+Nyvgdz/aIyNi6Z9MzO5dv1H8n58/GELp3+w==",
      "requires": {
        "wrappy": "1"
      }
    },
    "parse-entities": {
      "version": "1.1.1",
      "resolved": "https://registry.npmjs.org/parse-entities/-/parse-entities-1.1.1.tgz",
      "integrity": "sha512-Bj4zSXRFo3yB+VwAuYKF/yGYxlYnquVseplhlwnlre977cGcZRmAA4R0L0m1Li1QZFOlHhUN1ylxmQTXlTkTTQ==",
      "requires": {
        "character-entities": "^1.0.0",
        "character-entities-legacy": "^1.0.0",
        "character-reference-invalid": "^1.0.0",
        "is-alphanumerical": "^1.0.0",
        "is-decimal": "^1.0.0",
        "is-hexadecimal": "^1.0.0"
      }
    },
    "process-nextick-args": {
      "version": "1.0.7",
      "resolved": "https://registry.npmjs.org/process-nextick-args/-/process-nextick-args-1.0.7.tgz",
      "integrity": "sha512-yN0WQmuCX63LP/TMvAg31nvT6m4vDqJEiiv2CAZqWOGNWutc9DfDk1NPYYmKUFmaVM2UwDowH4u5AHWYP/jxKw=="
    },
    "readable-stream": {
      "version": "2.3.3",
      "resolved": "https://registry.npmjs.org/readable-stream/-/readable-stream-2.3.3.tgz",
      "integrity": "sha512-m+qzzcn7KUxEmd1gMbchF+Y2eIUbieUaxkWtptyHywrX0rE8QEYqPC07Vuy4Wm32/xE16NcdBctb8S0Xe/5IeQ==",
      "requires": {
        "core-util-is": "~1.0.0",
        "inherits": "~2.0.3",
        "isarray": "~1.0.0",
        "process-nextick-args": "~1.0.6",
        "safe-buffer": "~5.1.1",
        "string_decoder": "~1.0.3",
        "util-deprecate": "~1.0.1"
      }
    },
    "remark": {
      "version": "5.1.0",
      "resolved": "https://registry.npmjs.org/remark/-/remark-5.1.0.tgz",
      "integrity": "sha512-REVzXgQe66Zp0Zn1lpgQFTU0G011FuesfqmkhIRr3aK1UlqSttVmEnC313MoV9L5HPLwaDzpwqxjQJH4S+TC3Q==",
      "requires": {
        "remark-parse": "^1.1.0",
        "remark-stringify": "^1.1.0",
        "unified": "^4.1.1"
      }
    },
    "remark-parse": {
      "version": "1.1.0",
      "resolved": "https://registry.npmjs.org/remark-parse/-/remark-parse-1.1.0.tgz",
      "integrity": "sha512-YOrEFkb76pK/kM464isSf8YVfsye6Hf32FT1CrtD0M+YyhraGoN1neUP16dnvRdp1zWINfgQbCRPdnZvAC1aUQ==",
      "requires": {
        "collapse-white-space": "^1.0.0",
        "extend": "^3.0.0",
        "parse-entities": "^1.0.2",
        "repeat-string": "^1.5.4",
        "trim": "0.0.1",
        "trim-trailing-lines": "^1.0.0",
        "unherit": "^1.0.4",
        "unist-util-remove-position": "^1.0.0",
        "vfile-location": "^2.0.0"
      }
    },
    "remark-stringify": {
      "version": "1.1.0",
      "resolved": "https://registry.npmjs.org/remark-stringify/-/remark-stringify-1.1.0.tgz",
      "integrity": "sha512-XzOiwSqvWOk8rwVodbCy45GAD0Q4qoPWXfYJTCWx/1pZjFWR5jNb1o4qWoym1Xtxps5HqKgHCsgpmVnyVrGVrw==",
      "requires": {
        "ccount": "^1.0.0",
        "extend": "^3.0.0",
        "longest-streak": "^1.0.0",
        "markdown-table": "^0.4.0",
        "parse-entities": "^1.0.2",
        "repeat-string": "^1.5.4",
        "stringify-entities": "^1.0.1",
        "unherit": "^1.0.4"
      }
    },
    "repeat-string": {
      "version": "1.6.1",
      "resolved": "https://registry.npmjs.org/repeat-string/-/repeat-string-1.6.1.tgz",
      "integrity": "sha512-PV0dzCYDNfRi1jCDbJzpW7jNNDRuCOG/jI5ctQcGKt/clZD+YcPS3yIlWuTJMmESC8aevCFmWJy5wjAFgNqN6w=="
    },
    "safe-buffer": {
      "version": "5.1.1",
      "resolved": "https://registry.npmjs.org/safe-buffer/-/safe-buffer-5.1.1.tgz",
      "integrity": "sha512-kKvNJn6Mm93gAczWVJg7wH+wGYWNrDHdWvpUmHyEsgCtIwwo3bqPtV4tR5tuPaUhTOo/kvhVwd8XwwOllGYkbg=="
    },
    "string_decoder": {
      "version": "1.0.3",
      "resolved": "https://registry.npmjs.org/string_decoder/-/string_decoder-1.0.3.tgz",
      "integrity": "sha512-4AH6Z5fzNNBcH+6XDMfA/BTt87skxqJlO0lAh3Dker5zThcAxG6mKz+iGu308UKoPPQ8Dcqx/4JhujzltRa+hQ==",
      "requires": {
        "safe-buffer": "~5.1.0"
      }
    },
    "stringify-entities": {
      "version": "1.3.1",
      "resolved": "https://registry.npmjs.org/stringify-entities/-/stringify-entities-1.3.1.tgz",
      "integrity": "sha512-w9/fE2azlmHqLjaJ7CvMhH2SEu9NrV16pPgrqS3BX7n5tXjLgKxtOZ7lqm2ZKgS3Vck5StaUHKF67m2HeEhZZQ==",
      "requires": {
        "character-entities-html4": "^1.0.0",
        "character-entities-legacy": "^1.0.0",
        "is-alphanumerical": "^1.0.0",
        "is-hexadecimal": "^1.0.0"
      }
    },
    "structured-source": {
      "version": "3.0.2",
      "resolved": "https://registry.npmjs.org/structured-source/-/structured-source-3.0.2.tgz",
      "integrity": "sha512-Ap7JHfKgmH40SUjumqyKTHYHNZ8GvGQskP34ks0ElHCDEig+bYGpmXVksxPSrgcY9rkJqhVMzfeg5GIpZelfpQ==",
      "requires": {
        "boundary": "^1.0.1"
      }
    },
    "traverse": {
      "version": "0.6.6",
      "resolved": "https://registry.npmjs.org/traverse/-/traverse-0.6.6.tgz",
      "integrity": "sha512-kdf4JKs8lbARxWdp7RKdNzoJBhGUcIalSYibuGyHJbmk40pOysQ0+QPvlkCOICOivDWU2IJo2rkrxyTK2AH4fw=="
    },
    "trim": {
      "version": "0.0.1",
      "resolved": "https://registry.npmjs.org/trim/-/trim-0.0.1.tgz",
      "integrity": "sha512-YzQV+TZg4AxpKxaTHK3c3D+kRDCGVEE7LemdlQZoQXn0iennk10RsIoY6ikzAqJTc9Xjl9C1/waHom/J86ziAQ=="
    },
    "trim-trailing-lines": {
      "version": "1.1.0",
      "resolved": "https://registry.npmjs.org/trim-trailing-lines/-/trim-trailing-lines-1.1.0.tgz",
      "integrity": "sha512-nyAsVijarUzdD2QUq8jJRCVYYG8syAHOuKl7DKCHXq9o5SnLn15G4/SzLLhd9hiSE4HwYj2SErz3yb7Y6bgyvQ=="
    },
    "trough": {
      "version": "1.0.1",
      "resolved": "https://registry.npmjs.org/trough/-/trough-1.0.1.tgz",
      "integrity": "sha512-/YnOx4x0tuJT/a/sftckq6bOqnRs50llRWtIxiazPa5NvqG19xFoxiHxy8aDQ9TTyXm+upHG0X/ePtgkdxNdmA=="
    },
    "underscore": {
      "version": "1.8.3",
      "resolved": "https://registry.npmjs.org/underscore/-/underscore-1.8.3.tgz",
      "integrity": "sha512-5WsVTFcH1ut/kkhAaHf4PVgI8c7++GiVcpCGxPouI6ZVjsqPnSDf8h/8HtVqc0t4fzRXwnMK70EcZeAs3PIddg=="
    },
    "unherit": {
      "version": "1.1.0",
      "resolved": "https://registry.npmjs.org/unherit/-/unherit-1.1.0.tgz",
      "integrity": "sha512-TqB2ZB44rZ/lUYkoYjo0LKmw+4HIMbUJSiN3iIJO1oHVieA2kbUyMe01rzsCBQ4gqeoAjn9edj9/fc4N8b7trA==",
      "requires": {
        "inherits": "^2.0.1",
        "xtend": "^4.0.1"
      }
    },
    "unified": {
      "version": "4.2.1",
      "resolved": "https://registry.npmjs.org/unified/-/unified-4.2.1.tgz",
      "integrity": "sha512-wREXt5whxv4jMEo638N5m6j/oZLyenWxYkyoMAvQi6QQUxdkej5uqjPy399doWEJKrT7/sIvB5MMe9ri5oLKgg==",
      "requires": {
        "bail": "^1.0.0",
        "extend": "^3.0.0",
        "has": "^1.0.1",
        "once": "^1.3.3",
        "trough": "^1.0.0",
        "vfile": "^1.0.0"
      }
    },
    "unist-util-is": {
      "version": "2.1.1",
      "resolved": "https://registry.npmjs.org/unist-util-is/-/unist-util-is-2.1.1.tgz",
      "integrity": "sha512-xcUR3cCM57TA/JXUjVOlIwT0j7O3KIm/hPn7THwApnmLEuD4HCIH/GNZ463yP6MpGMS3iG2C5twlDadSxIX2Gg=="
    },
    "unist-util-remove-position": {
      "version": "1.1.1",
      "resolved": "https://registry.npmjs.org/unist-util-remove-position/-/unist-util-remove-position-1.1.1.tgz",
      "integrity": "sha512-653miUaBaJYZa/FqEHN1xd5pJsZjL+iBlLa5j6UwKRQMsX4+/IMfU17FKt24aPAk7mftf+iCa0NCAN2157nkAA==",
      "requires": {
        "unist-util-visit": "^1.1.0"
      }
    },
    "unist-util-visit": {
      "version": "1.3.0",
      "resolved": "https://registry.npmjs.org/unist-util-visit/-/unist-util-visit-1.3.0.tgz",
      "integrity": "sha512-9ntYcxPFtl44gnwXrQKZ5bMqXMY0ZHzUpqMFiU4zcc8mmf/jzYm8GhYgezuUlX4cJIM1zIDYaO6fG/fI+L6iiQ==",
      "requires": {
        "unist-util-is": "^2.1.1"
      }
    },
    "update-section": {
      "version": "0.3.3",
      "resolved": "https://registry.npmjs.org/update-section/-/update-section-0.3.3.tgz",
      "integrity": "sha512-BpRZMZpgXLuTiKeiu7kK0nIPwGdyrqrs6EDSaXtjD/aQ2T+qVo9a5hRC3HN3iJjCMxNT/VxoLGQ7E/OzE5ucnw=="
    },
    "util-deprecate": {
      "version": "1.0.2",
      "resolved": "https://registry.npmjs.org/util-deprecate/-/util-deprecate-1.0.2.tgz",
      "integrity": "sha512-EPD5q1uXyFxJpCrLnCc1nHnq3gOa6DZBocAIiI2TaSCA7VCJ1UJDMagCzIkXNsUYfD1daK//LTEQ8xiIbrHtcw=="
    },
    "vfile": {
      "version": "1.4.0",
      "resolved": "https://registry.npmjs.org/vfile/-/vfile-1.4.0.tgz",
      "integrity": "sha512-7Fz639rwERslMqQCuf1/0H4Tqe2q484Xl6X/jsKqrP7IjFcDODFURhv0GekMnImpbj9pTOojtqL7r39LJJkjGA=="
    },
    "vfile-location": {
      "version": "2.0.2",
      "resolved": "https://registry.npmjs.org/vfile-location/-/vfile-location-2.0.2.tgz",
      "integrity": "sha512-eW479dDsInBRNlv+8pUXYunV4OR5tPUUXXFzGKvtzRi0s4wFREW0kUL14imwii7iK3iLw6wxY2uxGj4BNG1AFA=="
    },
    "wrappy": {
      "version": "1.0.2",
      "resolved": "https://registry.npmjs.org/wrappy/-/wrappy-1.0.2.tgz",
      "integrity": "sha512-l4Sp/DRseor9wL6EvV2+TuQn63dMkPjZ/sp9XkghTEbV9KlPS1xUsZ3u7/IQO4wxtcFB4bgpQPRcR3QCvezPcQ=="
    },
    "xtend": {
      "version": "4.0.1",
      "resolved": "https://registry.npmjs.org/xtend/-/xtend-4.0.1.tgz",
      "integrity": "sha512-iTwvhNBRetXWe81+VcIw5YeadVSWyze7uA7nVnpP13ulrpnJ3UfQm5ApGnrkmxDJFdrblRdZs0EvaTCIfei5oQ=="
    }
  }
}
